
Microsoft Visual Studio Solution File, Format Version 12.00
# Visual Studio 15
VisualStudioVersion = 15.0.28010.2026
MinimumVisualStudioVersion = 10.0.40219.1
Project("{8BC9CEB8-8B4A-11D0-8D11-00A0C91BC942}") = "Hacks", "Hacks.vcxproj", "{08D46746-25CC-4FFD-811A-D981474FEDB1}"
EndProject
Global
	GlobalSection(SolutionConfigurationPlatforms) = preSolution
		Debug|x64 = Debug|x64
		Debug|x86 = Debug|x86
		Release|x64 = Release|x64
		Release|x86 = Release|x86
	EndGlobalSection
	GlobalSection(ProjectConfigurationPlatforms) = postSolution
		{08D46746-25CC-4FFD-811A-D981474FEDB1}.Debug|x64.ActiveCfg = Debug|x64
		{08D46746-25CC-4FFD-811A-D981474FEDB1}.Debug|x64.Build.0 = Debug|x64
		{08D46746-25CC-4FFD-811A-D981474FEDB1}.Debug|x86.ActiveCfg = Debug|Win32
		{08D46746-25CC-4FFD-811A-D981474FEDB1}.Debug|x86.Build.0 = Debug|Win32
		{08D46746-25CC-4FFD-811A-D981474FEDB1}.Release|x64.ActiveCfg = Release|x64
		{08D46746-25CC-4FFD-811A-D981474FEDB1}.Release|x64.Build.0 = Release|x64
		{08D46746-25CC-4FFD-811A-D981474FEDB1}.Release|x86.ActiveCfg = Release|Win32
		{08D46746-25CC-4FFD-811A-D981474FEDB1}.Release|x86.Build.0 = Release|Win32
	EndGlobalSection
	GlobalSection(SolutionProperties) = preSolution
		HideSolutionNode = FALSE
	EndGlobalSection
	GlobalSection(ExtensibilityGlobals) = postSolution
		SolutionGuid = {AEB3EF44-E98A-4436-9617-1DDD4681CCA5}
	EndGlobalSection
EndGlobal
